# THIS IS AN AUTOGENERATED FILE. DO NOT EDIT THIS FILE DIRECTLY.
# yarn lockfile v1


svelte-router-spa@^5.8.3:
  version "5.8.3"
  resolved "https://registry.yarnpkg.com/svelte-router-spa/-/svelte-router-spa-5.8.3.tgz#a4b0a3981b9a8d686f413edf89e95d4e3aa03dca"
  integrity sha512-sZhXKjDpnJDtRu4YWw/O/W+d7MSL3i0W5T/FzkDq5qS6RM9d4PaEDgaAXOUliptPKIotZddT1cl1LsY2iuFFWw==
  dependencies:
    url-params-parser "^1.0.3"

url-params-parser@^1.0.3:
  version "1.0.3"
  resolved "https://registry.yarnpkg.com/url-params-parser/-/url-params-parser-1.0.3.tgz#f99940c575705835049ab223b349fe2575a78ee5"
  integrity sha512-PLyEzfi+ymsvG8FYSNwvUG6LT/AM7ApWcRgF4EVEb+4Vlf7MkIEbdMjunLaXuTRl7YwZDRoyZaez8Y1AGLuALA==
